
Microsoft Visual Studio Solution File, Format Version 12.00
# Visual Studio Version 17
VisualStudioVersion = 17.14.37203.1 d17.14
MinimumVisualStudioVersion = 10.0.40219.1
Project("{FAE04EC0-301F-11D3-BF4B-00C04F79EFBC}") = "BugTracker.Api", "BugTracker.Api\BugTracker.Api.csproj", "{957A7F59-5829-44D0-8BFB-370CF6D761E4}"
EndProject
Global
	GlobalSection(SolutionConfigurationPlatforms) = preSolution
		Debug|Any CPU = Debug|Any CPU
		Release|Any CPU = Release|Any CPU
	EndGlobalSection
	GlobalSection(ProjectConfigurationPlatforms) = postSolution
		{957A7F59-5829-44D0-8BFB-370CF6D761E4}.Debug|Any CPU.ActiveCfg = Debug|Any CPU
		{957A7F59-5829-44D0-8BFB-370CF6D761E4}.Debug|Any CPU.Build.0 = Debug|Any CPU
		{957A7F59-5829-44D0-8BFB-370CF6D761E4}.Release|Any CPU.ActiveCfg = Release|Any CPU
		{957A7F59-5829-44D0-8BFB-370CF6D761E4}.Release|Any CPU.Build.0 = Release|Any CPU
	EndGlobalSection
	GlobalSection(SolutionProperties) = preSolution
		HideSolutionNode = FALSE
	EndGlobalSection
	GlobalSection(ExtensibilityGlobals) = postSolution
		SolutionGuid = {DB78A090-5984-449D-BD23-403A5745DCA1}
	EndGlobalSection
EndGlobal
